
Microsoft Visual Studio Solution File, Format Version 12.00
# Visual Studio 15
VisualStudioVersion = 15.0.28307.421
MinimumVisualStudioVersion = 10.0.40219.1
Project("{FAE04EC0-301F-11D3-BF4B-00C04F79EFBC}") = "CarTestManager", "CarTestManager\CarTestManager.csproj", "{785F5412-4A01-42DB-9935-949BBB5D0945}"
EndProject
Project("{FAE04EC0-301F-11D3-BF4B-00C04F79EFBC}") = "DatabaseLayer", "DatabaseLayer\DatabaseLayer.csproj", "{415A6577-3A6D-482A-AC07-0EC6647B2EDF}"
EndProject
Project("{FAE04EC0-301F-11D3-BF4B-00C04F79EFBC}") = "Repositories", "Repositories\Repositories.csproj", "{1B81BC4F-E13A-4B62-956E-098DDD3214FE}"
EndProject
Project("{FAE04EC0-301F-11D3-BF4B-00C04F79EFBC}") = "Services", "Services\Services.csproj", "{4D5E6AE2-2D7F-4425-BF95-F02F78F0FDD5}"
EndProject
Global
	GlobalSection(SolutionConfigurationPlatforms) = preSolution
		Debug|Any CPU = Debug|Any CPU
		Release|Any CPU = Release|Any CPU
	EndGlobalSection
	GlobalSection(ProjectConfigurationPlatforms) = postSolution
		{785F5412-4A01-42DB-9935-949BBB5D0945}.Debug|Any CPU.ActiveCfg = Debug|Any CPU
		{785F5412-4A01-42DB-9935-949BBB5D0945}.Debug|Any CPU.Build.0 = Debug|Any CPU
		{785F5412-4A01-42DB-9935-949BBB5D0945}.Release|Any CPU.ActiveCfg = Release|Any CPU
		{785F5412-4A01-42DB-9935-949BBB5D0945}.Release|Any CPU.Build.0 = Release|Any CPU
		{415A6577-3A6D-482A-AC07-0EC6647B2EDF}.Debug|Any CPU.ActiveCfg = Debug|Any CPU
		{415A6577-3A6D-482A-AC07-0EC6647B2EDF}.Debug|Any CPU.Build.0 = Debug|Any CPU
		{415A6577-3A6D-482A-AC07-0EC6647B2EDF}.Release|Any CPU.ActiveCfg = Release|Any CPU
		{415A6577-3A6D-482A-AC07-0EC6647B2EDF}.Release|Any CPU.Build.0 = Release|Any CPU
		{1B81BC4F-E13A-4B62-956E-098DDD3214FE}.Debug|Any CPU.ActiveCfg = Debug|Any CPU
		{1B81BC4F-E13A-4B62-956E-098DDD3214FE}.Debug|Any CPU.Build.0 = Debug|Any CPU
		{1B81BC4F-E13A-4B62-956E-098DDD3214FE}.Release|Any CPU.ActiveCfg = Release|Any CPU
		{1B81BC4F-E13A-4B62-956E-098DDD3214FE}.Release|Any CPU.Build.0 = Release|Any CPU
		{4D5E6AE2-2D7F-4425-BF95-F02F78F0FDD5}.Debug|Any CPU.ActiveCfg = Debug|Any CPU
		{4D5E6AE2-2D7F-4425-BF95-F02F78F0FDD5}.Debug|Any CPU.Build.0 = Debug|Any CPU
		{4D5E6AE2-2D7F-4425-BF95-F02F78F0FDD5}.Release|Any CPU.ActiveCfg = Release|Any CPU
		{4D5E6AE2-2D7F-4425-BF95-F02F78F0FDD5}.Release|Any CPU.Build.0 = Release|Any CPU
	EndGlobalSection
	GlobalSection(SolutionProperties) = preSolution
		HideSolutionNode = FALSE
	EndGlobalSection
	GlobalSection(ExtensibilityGlobals) = postSolution
		SolutionGuid = {3E1C72F2-3919-4EB7-BD1A-C272606F715C}
	EndGlobalSection
EndGlobal
